
Microsoft Visual Studio Solution File, Format Version 12.00
# Visual Studio Version 16
VisualStudioVersion = 16.0.29609.76
MinimumVisualStudioVersion = 10.0.40219.1
Project("{8BC9CEB8-8B4A-11D0-8D11-00A0C91BC942}") = "thermo", "thermo.vcxproj", "{207EDCA5-F655-4291-A5AE-5D82A50DAF24}"
EndProject
Global
	GlobalSection(SolutionConfigurationPlatforms) = preSolution
		Debug|x64 = Debug|x64
		Debug|x86 = Debug|x86
		Release|x64 = Release|x64
		Release|x86 = Release|x86
	EndGlobalSection
	GlobalSection(ProjectConfigurationPlatforms) = postSolution
		{207EDCA5-F655-4291-A5AE-5D82A50DAF24}.Debug|x64.ActiveCfg = Debug|x64
		{207EDCA5-F655-4291-A5AE-5D82A50DAF24}.Debug|x64.Build.0 = Debug|x64
		{207EDCA5-F655-4291-A5AE-5D82A50DAF24}.Debug|x86.ActiveCfg = Debug|Win32
		{207EDCA5-F655-4291-A5AE-5D82A50DAF24}.Debug|x86.Build.0 = Debug|Win32
		{207EDCA5-F655-4291-A5AE-5D82A50DAF24}.Release|x64.ActiveCfg = Release|x64
		{207EDCA5-F655-4291-A5AE-5D82A50DAF24}.Release|x64.Build.0 = Release|x64
		{207EDCA5-F655-4291-A5AE-5D82A50DAF24}.Release|x86.ActiveCfg = Release|Win32
		{207EDCA5-F655-4291-A5AE-5D82A50DAF24}.Release|x86.Build.0 = Release|Win32
	EndGlobalSection
	GlobalSection(SolutionProperties) = preSolution
		HideSolutionNode = FALSE
	EndGlobalSection
	GlobalSection(ExtensibilityGlobals) = postSolution
		SolutionGuid = {FC8F615F-1D6F-4229-B8EA-6E730B6A4016}
	EndGlobalSection
EndGlobal
